
Microsoft Visual Studio Solution File, Format Version 12.00
# Visual Studio Version 16
VisualStudioVersion = 16.0.29409.12
MinimumVisualStudioVersion = 10.0.40219.1
Project("{FAE04EC0-301F-11D3-BF4B-00C04F79EFBC}") = "FoodTrucksApp", "FoodTrucksApp\FoodTrucksApp.csproj", "{3665E542-260A-4442-B3DD-73CEBFE0271D}"
EndProject
Global
	GlobalSection(SolutionConfigurationPlatforms) = preSolution
		Debug|Any CPU = Debug|Any CPU
		Release|Any CPU = Release|Any CPU
	EndGlobalSection
	GlobalSection(ProjectConfigurationPlatforms) = postSolution
		{3665E542-260A-4442-B3DD-73CEBFE0271D}.Debug|Any CPU.ActiveCfg = Debug|Any CPU
		{3665E542-260A-4442-B3DD-73CEBFE0271D}.Debug|Any CPU.Build.0 = Debug|Any CPU
		{3665E542-260A-4442-B3DD-73CEBFE0271D}.Release|Any CPU.ActiveCfg = Release|Any CPU
		{3665E542-260A-4442-B3DD-73CEBFE0271D}.Release|Any CPU.Build.0 = Release|Any CPU
	EndGlobalSection
	GlobalSection(SolutionProperties) = preSolution
		HideSolutionNode = FALSE
	EndGlobalSection
	GlobalSection(ExtensibilityGlobals) = postSolution
		SolutionGuid = {EFB1C090-B49E-4ABA-A174-409C7EEB1878}
	EndGlobalSection
EndGlobal
